# Run ./gradlew --write-locks to regenerate this file
aopalliance:aopalliance:1.0 (1 constraints: 170a83ac)
ch.qos.logback:logback-classic:1.2.3 (1 constraints: 0805f935)
ch.qos.logback:logback-core:1.2.3 (1 constraints: 070dff1c)
com.amazonaws:aws-java-sdk-bundle:1.11.201 (1 constraints: dc0c9f27)
com.clearspring.analytics:stream:2.9.6 (2 constraints: e9215f08)
com.esotericsoftware:kryo-shaded:4.0.2 (2 constraints: b71345a6)
com.esotericsoftware:minlog:1.3.0 (1 constraints: 670e7c4f)
com.fasterxml.jackson.core:jackson-annotations:2.10.1 (6 constraints: 206217b8)
com.fasterxml.jackson.core:jackson-core:2.10.1 (7 constraints: 877e353f)
com.fasterxml.jackson.core:jackson-databind:2.10.1 (9 constraints: 35985ee8)
com.fasterxml.jackson.dataformat:jackson-dataformat-yaml:2.10.1 (3 constraints: 20270a57)
com.fasterxml.jackson.datatype:jackson-datatype-jdk8:2.9.7 (1 constraints: c9146ab0)
com.fasterxml.jackson.module:jackson-module-paranamer:2.9.7 (1 constraints: e0154600)
com.fasterxml.jackson.module:jackson-module-scala_2.11:2.9.7 (2 constraints: eb219e08)
com.fasterxml.woodstox:woodstox-core:5.0.3 (1 constraints: 8c0d472f)
com.github.ben-manes.caffeine:caffeine:2.8.5 (1 constraints: 11051236)
com.github.luben:zstd-jni:1.3.5-3 (2 constraints: 9922e77c)
com.github.stephenc.jcip:jcip-annotations:1.0-1 (1 constraints: 930cbb09)
com.google.code.findbugs:jsr305:3.0.2 (8 constraints: 4b6d5c6c)
com.google.code.gson:gson:2.2.4 (1 constraints: 8c0d3f2f)
com.google.errorprone:error_prone_annotations:2.4.0 (4 constraints: 1c305597)
com.google.guava:guava:23.6.1-jre (12 constraints: 58b8666e)
com.google.inject:guice:3.0 (2 constraints: db2248e6)
com.google.j2objc:j2objc-annotations:1.1 (1 constraints: b609eba0)
com.google.protobuf:protobuf-java:2.5.0 (11 constraints: 27cab6ac)
com.jcraft:jsch:0.1.54 (1 constraints: be0df13c)
com.microsoft.sqlserver:mssql-jdbc:6.2.1.jre7 (1 constraints: de137765)
com.nimbusds:nimbus-jose-jwt:4.41.1 (1 constraints: e70c4e1d)
com.ning:compress-lzf:1.0.4 (2 constraints: d1213f05)
com.palantir.safe-logging:preconditions:1.8.2 (1 constraints: 0d050a36)
com.palantir.safe-logging:safe-logging:1.8.2 (2 constraints: 1e1e1cb1)
com.squareup.okhttp:okhttp:2.7.5 (2 constraints: 1e24b4d7)
com.squareup.okio:okio:1.15.0 (2 constraints: 0b21a1a6)
com.thoughtworks.paranamer:paranamer:2.8 (5 constraints: c84a936c)
com.twitter:chill-java:0.9.3 (3 constraints: 692bb585)
com.twitter:chill_2.11:0.9.3 (3 constraints: d42fa810)
com.zaxxer:HikariCP-java7:2.4.12 (1 constraints: 6812d417)
commons-beanutils:commons-beanutils:1.9.3 (2 constraints: 9d23b599)
commons-beanutils:commons-beanutils-core:1.8.0 (1 constraints: 1d134124)
commons-cli:commons-cli:1.2 (3 constraints: 3d2b1dca)
commons-codec:commons-codec:1.11 (7 constraints: 706c7047)
commons-collections:commons-collections:3.2.2 (4 constraints: 19454db0)
commons-configuration:commons-configuration:1.6 (1 constraints: 2d0d5c14)
commons-digester:commons-digester:1.8 (1 constraints: bf1228fe)
commons-io:commons-io:2.6 (3 constraints: 9e3084b6)
commons-lang:commons-lang:2.6 (7 constraints: fc733dce)
commons-net:commons-net:3.6 (3 constraints: 462e7eb1)
io.dropwizard.metrics:metrics-core:3.2.6 (8 constraints: 8287540a)
io.dropwizard.metrics:metrics-graphite:3.2.6 (2 constraints: dd21d106)
io.dropwizard.metrics:metrics-json:3.2.6 (2 constraints: dd21d106)
io.dropwizard.metrics:metrics-jvm:3.2.6 (2 constraints: dd21d106)
io.netty:netty:3.10.6.Final (3 constraints: 0c36493b)
io.netty:netty-all:4.1.30.Final (3 constraints: de39af1b)
javax.activation:activation:1.1.1 (3 constraints: b22b0ca1)
javax.annotation:javax.annotation-api:1.2 (2 constraints: 2d21193d)
javax.inject:javax.inject:1 (3 constraints: 8e1ee29e)
javax.servlet:javax.servlet-api:3.1.0 (1 constraints: 150dc436)
javax.servlet.jsp:jsp-api:2.2 (2 constraints: d01143f1)
javax.validation:validation-api:1.1.0.Final (1 constraints: 13133130)
javax.ws.rs:javax.ws.rs-api:2.0.1 (6 constraints: 2779d49c)
javax.xml.bind:jaxb-api:2.2.2 (3 constraints: be315e4f)
javax.xml.stream:stax-api:1.0-2 (1 constraints: 440a22bf)
log4j:log4j:1.2.17 (9 constraints: cf78ed12)
net.jodah:failsafe:2.4.0 (1 constraints: 08050136)
net.minidev:json-smart:1.3.1 (1 constraints: b20c5210)
net.razorvine:pyrolite:4.13 (1 constraints: eb0cb829)
net.sf.py4j:py4j:0.10.8.1 (1 constraints: a90d225f)
org.apache.avro:avro:1.8.2 (4 constraints: 2a3a225e)
org.apache.avro:avro-ipc:1.8.2 (2 constraints: ba200c7f)
org.apache.avro:avro-mapred:1.8.2 (2 constraints: dd21d906)
org.apache.commons:commons-compress:1.18 (4 constraints: dd3acb5b)
org.apache.commons:commons-crypto:1.0.0 (3 constraints: f1329cad)
org.apache.commons:commons-lang3:3.9 (6 constraints: db5068c8)
org.apache.commons:commons-math3:3.6.1 (3 constraints: 632f5b9a)
org.apache.curator:curator-client:2.7.1 (3 constraints: 2a32f3e6)
org.apache.curator:curator-framework:2.7.1 (4 constraints: d4405d9d)
org.apache.curator:curator-recipes:2.7.1 (3 constraints: 682f629c)
org.apache.directory.api:api-asn1-api:1.0.0-M20 (1 constraints: 3d163b13)
org.apache.directory.api:api-util:1.0.0-M20 (1 constraints: 3d163b13)
org.apache.directory.server:apacheds-i18n:2.0.0-M15 (1 constraints: 42164713)
org.apache.directory.server:apacheds-kerberos-codec:2.0.0-M15 (1 constraints: 8f0d3b45)
org.apache.geronimo.specs:geronimo-jcache_1.0_spec:1.0-alpha-1 (1 constraints: 6314cf7b)
org.apache.hadoop:hadoop-annotations:2.9.2-palantir.10 (2 constraints: 4523d06f)
org.apache.hadoop:hadoop-auth:2.9.2-palantir.10 (1 constraints: a81153ee)
org.apache.hadoop:hadoop-aws:2.9.2-palantir.10 (2 constraints: 002282f0)
org.apache.hadoop:hadoop-client:2.9.2-palantir.10 (2 constraints: 0f2a7d9e)
org.apache.hadoop:hadoop-common:2.9.2-palantir.10 (3 constraints: f63ecc28)
org.apache.hadoop:hadoop-hdfs-client:2.9.2-palantir.10 (1 constraints: 9e114eed)
org.apache.hadoop:hadoop-mapreduce-client-app:2.9.2-palantir.10 (1 constraints: 9e114eed)
org.apache.hadoop:hadoop-mapreduce-client-common:2.9.2-palantir.10 (3 constraints: f048ab3c)
org.apache.hadoop:hadoop-mapreduce-client-core:2.9.2-palantir.10 (3 constraints: ae42dcdc)
org.apache.hadoop:hadoop-mapreduce-client-jobclient:2.9.2-palantir.10 (1 constraints: 9e114eed)
org.apache.hadoop:hadoop-mapreduce-client-shuffle:2.9.2-palantir.10 (2 constraints: 5630286d)
org.apache.hadoop:hadoop-yarn-api:2.9.2-palantir.10 (7 constraints: a494c412)
org.apache.hadoop:hadoop-yarn-client:2.9.2-palantir.10 (3 constraints: 6748906d)
org.apache.hadoop:hadoop-yarn-common:2.9.2-palantir.10 (7 constraints: 059f3b0b)
org.apache.hadoop:hadoop-yarn-registry:2.9.2-palantir.10 (2 constraints: 9d2e8b7f)
org.apache.hadoop:hadoop-yarn-server-common:2.9.2-palantir.10 (2 constraints: e530e5b7)
org.apache.hadoop:hadoop-yarn-server-nodemanager:2.9.2-palantir.10 (1 constraints: 9b187397)
org.apache.htrace:htrace-core4:4.1.0-incubating (1 constraints: da11d6dc)
org.apache.httpcomponents:httpclient:4.5.6 (3 constraints: 0b2faf2f)
org.apache.httpcomponents:httpcore:4.4.10 (2 constraints: 4525435c)
org.apache.ivy:ivy:2.4.0 (2 constraints: d3219605)
org.apache.spark:spark-core_2.11:3.0.0-palantir.54 (2 constraints: fc21f4ee)
org.apache.spark:spark-dist_2.11-hadoop-palantir-bom:3.0.0-palantir.54 (1 constraints: 2409778e)
org.apache.spark:spark-kvstore_2.11:3.0.0-palantir.54 (1 constraints: 3311f2ef)
org.apache.spark:spark-launcher_2.11:3.0.0-palantir.54 (1 constraints: 3311f2ef)
org.apache.spark:spark-network-common_2.11:3.0.0-palantir.54 (2 constraints: e026722e)
org.apache.spark:spark-network-shuffle_2.11:3.0.0-palantir.54 (1 constraints: 3311f2ef)
org.apache.spark:spark-tags_2.11:3.0.0-palantir.54 (5 constraints: 88617f00)
org.apache.spark:spark-unsafe_2.11:3.0.0-palantir.54 (1 constraints: 3311f2ef)
org.apache.xbean:xbean-asm7-shaded:4.12 (2 constraints: 79211dcc)
org.apache.zookeeper:zookeeper:3.4.7 (8 constraints: d27bff7b)
org.checkerframework:checker-compat-qual:2.0.0 (1 constraints: 140ae5b4)
org.checkerframework:checker-qual:3.4.1 (1 constraints: fe0f6b9f)
org.codehaus.jackson:jackson-core-asl:1.9.13 (10 constraints: 839116f0)
org.codehaus.jackson:jackson-jaxrs:1.9.13 (2 constraints: 9d240121)
org.codehaus.jackson:jackson-mapper-asl:1.9.13 (4 constraints: 9335e361)
org.codehaus.jackson:jackson-xc:1.9.13 (2 constraints: 9d240121)
org.codehaus.jettison:jettison:1.1 (1 constraints: cb139247)
org.codehaus.mojo:animal-sniffer-annotations:1.14 (1 constraints: ea09d5aa)
org.codehaus.woodstox:stax2-api:3.1.4 (2 constraints: ba1d4a4d)
org.ehcache:ehcache:3.3.1 (1 constraints: 36126e05)
org.fusesource.leveldbjni:leveldbjni-all:1.8 (6 constraints: 1f6ddf11)
org.glassfish.hk2:hk2-api:2.5.0-b32 (5 constraints: 985605c5)
org.glassfish.hk2:hk2-locator:2.5.0-b32 (4 constraints: 3949d563)
org.glassfish.hk2:hk2-utils:2.5.0-b32 (2 constraints: 0519152b)
org.glassfish.hk2:osgi-resource-locator:1.0.1 (2 constraints: 79234465)
org.glassfish.hk2.external:aopalliance-repackaged:2.5.0-b32 (2 constraints: 0519152b)
org.glassfish.hk2.external:javax.inject:2.5.0-b32 (6 constraints: 4c710d12)
org.glassfish.jersey.bundles.repackaged:jersey-guava:2.25.1 (1 constraints: 251120d4)
org.glassfish.jersey.containers:jersey-container-servlet:2.25.1 (2 constraints: 3b228c41)
org.glassfish.jersey.containers:jersey-container-servlet-core:2.25.1 (3 constraints: 583ad274)
org.glassfish.jersey.core:jersey-client:2.25.1 (3 constraints: 6d3308a4)
org.glassfish.jersey.core:jersey-common:2.25.1 (7 constraints: 5b89d5f8)
org.glassfish.jersey.core:jersey-server:2.25.1 (4 constraints: 4b549d8a)
org.glassfish.jersey.media:jersey-media-jaxb:2.25.1 (1 constraints: 3311f9d4)
org.immutables:builder:2.8.2 (1 constraints: 0e050f36)
org.immutables:value:2.8.2 (1 constraints: 0e050f36)
org.javassist:javassist:3.20.0-GA (1 constraints: 4f0d1a40)
org.json4s:json4s-ast_2.11:3.5.3 (1 constraints: 0c0b9ae9)
org.json4s:json4s-core_2.11:3.5.3 (1 constraints: 4c0c5316)
org.json4s:json4s-jackson_2.11:3.5.3 (2 constraints: dd21dd06)
org.json4s:json4s-scalap_2.11:3.5.3 (1 constraints: 0c0b9ae9)
org.lz4:lz4-java:1.5.0 (2 constraints: d3219205)
org.mortbay.jetty:jetty:6.1.26 (1 constraints: c30d113d)
org.mortbay.jetty:jetty-sslengine:6.1.26 (1 constraints: c30d113d)
org.mortbay.jetty:jetty-util:6.1.26 (4 constraints: e33c36b5)
org.objenesis:objenesis:2.6 (3 constraints: 7e2d131d)
org.roaringbitmap:RoaringBitmap:0.7.16 (2 constraints: 43228042)
org.scala-lang:scala-library:2.11.12 (12 constraints: a9addda8)
org.scala-lang:scala-reflect:2.11.12 (2 constraints: 95225f7c)
org.scala-lang.modules:scala-java8-compat_2.11:0.9.1 (1 constraints: 0c050736)
org.scala-lang.modules:scala-xml_2.11:1.0.6 (1 constraints: 080b84e9)
org.slf4j:jcl-over-slf4j:1.7.25 (2 constraints: 4522cc42)
org.slf4j:jul-to-slf4j:1.7.25 (2 constraints: 4522cc42)
org.slf4j:slf4j-api:1.7.25 (33 constraints: e5e6cf04)
org.slf4j:slf4j-log4j12:1.7.25 (11 constraints: 89b497c4)
org.sonatype.sisu.inject:cglib:2.2.1-v20090111 (1 constraints: aa0cfd36)
org.spark-project.spark:unused:1.0.0 (7 constraints: f767efa7)
org.tukaani:xz:1.5 (1 constraints: f008458a)
org.xerial.snappy:snappy-java:1.1.7.3 (3 constraints: 462c062e)
org.yaml:snakeyaml:1.24 (1 constraints: 6f17f727)
oro:oro:2.0.8 (1 constraints: 1b0dc436)
xmlenc:xmlenc:0.52 (1 constraints: 5d0db521)

[Test dependencies]
com.google.code.findbugs:annotations:3.0.1 (1 constraints: 9e0aafc3)
junit:junit:4.12 (3 constraints: b829b520)
net.bytebuddy:byte-buddy:1.9.10 (1 constraints: 450b52de)
net.bytebuddy:byte-buddy-agent:1.9.10 (1 constraints: 450b52de)
net.jcip:jcip-annotations:1.0 (1 constraints: 560ff165)
org.apache-extras.beanshell:bsh:2.0b6 (1 constraints: ac07626b)
org.apiguardian:apiguardian-api:1.1.0 (6 constraints: 7d64a5c6)
org.assertj:assertj-core:3.17.2 (2 constraints: f51048e0)
org.assertj:assertj-guava:3.2.1 (1 constraints: 08050136)
org.hamcrest:hamcrest:2.1 (2 constraints: 8512932d)
org.hamcrest:hamcrest-core:2.1 (3 constraints: e42669ca)
org.hamcrest:hamcrest-library:2.1 (2 constraints: 711b4da3)
org.jmock:jmock:2.12.0 (1 constraints: 3705353b)
org.jmock:jmock-testjar:2.12.0 (1 constraints: a507a272)
org.junit.jupiter:junit-jupiter:5.5.2 (1 constraints: 0e051536)
org.junit.jupiter:junit-jupiter-api:5.5.2 (3 constraints: 6d2fb5db)
org.junit.jupiter:junit-jupiter-engine:5.5.2 (1 constraints: 090ed63b)
org.junit.jupiter:junit-jupiter-params:5.5.2 (1 constraints: 090ed63b)
org.junit.platform:junit-platform-commons:1.5.2 (2 constraints: d720664a)
org.junit.platform:junit-platform-engine:1.5.2 (2 constraints: 23213173)
org.junit.vintage:junit-vintage-engine:5.5.0 (1 constraints: 0c051336)
org.mockito:mockito-core:3.1.0 (2 constraints: f7199932)
org.opentest4j:opentest4j:1.2.0 (2 constraints: cd205b49)
org.ow2.asm:asm:7.1 (1 constraints: 1a07505c)
